{
  "requires": true,
  "lockfileVersion": 1,
  "dependencies": {
    "three-dots": {
      "version": "0.2.1",
      "resolved": "https://registry.npmjs.org/three-dots/-/three-dots-0.2.1.tgz",
      "integrity": "sha512-+zRdWo1jsIRv6mq49gI7GeGyf28tTT+W5lWwm8qtizy4etIgXiv9GiF/PzpqpXxxDucAf2Xp9fKh5+iowQ5j3Q=="
    }
  }
}
